
Microsoft Visual Studio Solution File, Format Version 12.00
# Visual Studio Version 16
VisualStudioVersion = 16.0.31424.327
MinimumVisualStudioVersion = 10.0.40219.1
Project("{FAE04EC0-301F-11D3-BF4B-00C04F79EFBC}") = "WpfApp1", "WpfApp1.csproj", "{2C971E9F-C018-4785-87B8-669618396A68}"
EndProject
Project("{F2A71F9B-5D33-465A-A702-920D77279786}") = "Lexer", "..\Lexer\Lexer.fsproj", "{EF48A298-95F4-45DD-BB70-C6CAA9C86DC7}"
EndProject
Global
	GlobalSection(SolutionConfigurationPlatforms) = preSolution
		Debug|Any CPU = Debug|Any CPU
		Release|Any CPU = Release|Any CPU
	EndGlobalSection
	GlobalSection(ProjectConfigurationPlatforms) = postSolution
		{2C971E9F-C018-4785-87B8-669618396A68}.Debug|Any CPU.ActiveCfg = Debug|Any CPU
		{2C971E9F-C018-4785-87B8-669618396A68}.Debug|Any CPU.Build.0 = Debug|Any CPU
		{2C971E9F-C018-4785-87B8-669618396A68}.Release|Any CPU.ActiveCfg = Release|Any CPU
		{2C971E9F-C018-4785-87B8-669618396A68}.Release|Any CPU.Build.0 = Release|Any CPU
		{EF48A298-95F4-45DD-BB70-C6CAA9C86DC7}.Debug|Any CPU.ActiveCfg = Debug|Any CPU
		{EF48A298-95F4-45DD-BB70-C6CAA9C86DC7}.Debug|Any CPU.Build.0 = Debug|Any CPU
		{EF48A298-95F4-45DD-BB70-C6CAA9C86DC7}.Release|Any CPU.ActiveCfg = Release|Any CPU
		{EF48A298-95F4-45DD-BB70-C6CAA9C86DC7}.Release|Any CPU.Build.0 = Release|Any CPU
	EndGlobalSection
	GlobalSection(SolutionProperties) = preSolution
		HideSolutionNode = FALSE
	EndGlobalSection
	GlobalSection(ExtensibilityGlobals) = postSolution
		SolutionGuid = {ABCBE94C-C3F3-40FD-B0F1-9C8A2BA3D164}
	EndGlobalSection
EndGlobal
